// !$*UTF8*$!
{
	archiveVersion = 1;
	classes = {
	};
	objectVersion = 55;
	objects = {

/* Begin PBXBuildFile section */
		C6337B1427D7ADAD00E04A54 /* RealmFlexibleSyncPlaygroundApp.swift in Sources */ = {isa = PBXBuildFile; fileRef = C6337B1327D7ADAD00E04A54 /* RealmFlexibleSyncPlaygroundApp.swift */; };
		C6337B1627D7ADAD00E04A54 /* ContentView.swift in Sources */ = {isa = PBXBuildFile; fileRef = C6337B1527D7ADAD00E04A54 /* ContentView.swift */; };
		C6337B1827D7ADAE00E04A54 /* Assets.xcassets in Resources */ = {isa = PBXBuildFile; fileRef = C6337B1727D7ADAE00E04A54 /* Assets.xcassets */; };
		C6337B1B27D7ADAE00E04A54 /* Preview Assets.xcassets in Resources */ = {isa = PBXBuildFile; fileRef = C6337B1A27D7ADAE00E04A54 /* Preview Assets.xcassets */; };
		C6337B2327D7B02A00E04A54 /* Realm in Frameworks */ = {isa = PBXBuildFile; productRef = C6337B2227D7B02A00E04A54 /* Realm */; };
		C6337B2527D7B02A00E04A54 /* RealmSwift in Frameworks */ = {isa = PBXBuildFile; productRef = C6337B2427D7B02A00E04A54 /* RealmSwift */; };
		C6337B2727D7B06F00E04A54 /* AppState.swift in Sources */ = {isa = PBXBuildFile; fileRef = C6337B2627D7B06F00E04A54 /* AppState.swift */; };
		C6337B2927D7B0DF00E04A54 /* LoginView.swift in Sources */ = {isa = PBXBuildFile; fileRef = C6337B2827D7B0DF00E04A54 /* LoginView.swift */; };
		C6337B2B27D7B1C500E04A54 /* LoggedInView.swift in Sources */ = {isa = PBXBuildFile; fileRef = C6337B2A27D7B1C500E04A54 /* LoggedInView.swift */; };
		C6337B2E27D7B52500E04A54 /* User.swift in Sources */ = {isa = PBXBuildFile; fileRef = C6337B2D27D7B52500E04A54 /* User.swift */; };
		C6337B3027D8B6E600E04A54 /* HomeView.swift in Sources */ = {isa = PBXBuildFile; fileRef = C6337B2F27D8B6E600E04A54 /* HomeView.swift */; };
		C6337B3227D8B7A900E04A54 /* NewsFeedView.swift in Sources */ = {isa = PBXBuildFile; fileRef = C6337B3127D8B7A900E04A54 /* NewsFeedView.swift */; };
		C6337B3427D8B7B200E04A54 /* NetworkView.swift in Sources */ = {isa = PBXBuildFile; fileRef = C6337B3327D8B7B200E04A54 /* NetworkView.swift */; };
		C6337B3627D8B7C300E04A54 /* ProfileView.swift in Sources */ = {isa = PBXBuildFile; fileRef = C6337B3527D8B7C300E04A54 /* ProfileView.swift */; };
		C6337B3A27D8BCDD00E04A54 /* SetSubscriptions.swift in Sources */ = {isa = PBXBuildFile; fileRef = C6337B3927D8BCDD00E04A54 /* SetSubscriptions.swift */; };
		C6337B3C27D8E5A700E04A54 /* UserPost.swift in Sources */ = {isa = PBXBuildFile; fileRef = C6337B3B27D8E5A700E04A54 /* UserPost.swift */; };
/* End PBXBuildFile section */

/* Begin PBXFileReference section */
		C6337B1027D7ADAD00E04A54 /* RealmFlexibleSyncPlayground.app */ = {isa = PBXFileReference; explicitFileType = wrapper.application; includeInIndex = 0; path = RealmFlexibleSyncPlayground.app; sourceTree = BUILT_PRODUCTS_DIR; };
		C6337B1327D7ADAD00E04A54 /* RealmFlexibleSyncPlaygroundApp.swift */ = {isa = PBXFileReference; lastKnownFileType = sourcecode.swift; path = RealmFlexibleSyncPlaygroundApp.swift; sourceTree = "<group>"; };
		C6337B1527D7ADAD00E04A54 /* ContentView.swift */ = {isa = PBXFileReference; lastKnownFileType = sourcecode.swift; path = ContentView.swift; sourceTree = "<group>"; };
		C6337B1727D7ADAE00E04A54 /* Assets.xcassets */ = {isa = PBXFileReference; lastKnownFileType = folder.assetcatalog; path = Assets.xcassets; sourceTree = "<group>"; };
		C6337B1A27D7ADAE00E04A54 /* Preview Assets.xcassets */ = {isa = PBXFileReference; lastKnownFileType = folder.assetcatalog; path = "Preview Assets.xcassets"; sourceTree = "<group>"; };
		C6337B2627D7B06F00E04A54 /* AppState.swift */ = {isa = PBXFileReference; lastKnownFileType = sourcecode.swift; path = AppState.swift; sourceTree = "<group>"; };
		C6337B2827D7B0DF00E04A54 /* LoginView.swift */ = {isa = PBXFileReference; lastKnownFileType = sourcecode.swift; path = LoginView.swift; sourceTree = "<group>"; };
		C6337B2A27D7B1C500E04A54 /* LoggedInView.swift */ = {isa = PBXFileReference; lastKnownFileType = sourcecode.swift; path = LoggedInView.swift; sourceTree = "<group>"; };
		C6337B2D27D7B52500E04A54 /* User.swift */ = {isa = PBXFileReference; lastKnownFileType = sourcecode.swift; path = User.swift; sourceTree = "<group>"; };
		C6337B2F27D8B6E600E04A54 /* HomeView.swift */ = {isa = PBXFileReference; lastKnownFileType = sourcecode.swift; path = HomeView.swift; sourceTree = "<group>"; };
		C6337B3127D8B7A900E04A54 /* NewsFeedView.swift */ = {isa = PBXFileReference; lastKnownFileType = sourcecode.swift; path = NewsFeedView.swift; sourceTree = "<group>"; };
		C6337B3327D8B7B200E04A54 /* NetworkView.swift */ = {isa = PBXFileReference; lastKnownFileType = sourcecode.swift; path = NetworkView.swift; sourceTree = "<group>"; };
		C6337B3527D8B7C300E04A54 /* ProfileView.swift */ = {isa = PBXFileReference; lastKnownFileType = sourcecode.swift; path = ProfileView.swift; sourceTree = "<group>"; };
		C6337B3927D8BCDD00E04A54 /* SetSubscriptions.swift */ = {isa = PBXFileReference; lastKnownFileType = sourcecode.swift; path = SetSubscriptions.swift; sourceTree = "<group>"; };
		C6337B3B27D8E5A700E04A54 /* UserPost.swift */ = {isa = PBXFileReference; lastKnownFileType = sourcecode.swift; path = UserPost.swift; sourceTree = "<group>"; };
/* End PBXFileReference section */

/* Begin PBXFrameworksBuildPhase section */
		C6337B0D27D7ADAD00E04A54 /* Frameworks */ = {
			isa = PBXFrameworksBuildPhase;
			buildActionMask = 2147483647;
			files = (
				C6337B2527D7B02A00E04A54 /* RealmSwift in Frameworks */,
				C6337B2327D7B02A00E04A54 /* Realm in Frameworks */,
			);
			runOnlyForDeploymentPostprocessing = 0;
		};
/* End PBXFrameworksBuildPhase section */

/* Begin PBXGroup section */
		C6337B0727D7ADAD00E04A54 = {
			isa = PBXGroup;
			children = (
				C6337B1227D7ADAD00E04A54 /* RealmFlexibleSyncPlayground */,
				C6337B1127D7ADAD00E04A54 /* Products */,
			);
			sourceTree = "<group>";
		};
		C6337B1127D7ADAD00E04A54 /* Products */ = {
			isa = PBXGroup;
			children = (
				C6337B1027D7ADAD00E04A54 /* RealmFlexibleSyncPlayground.app */,
			);
			name = Products;
			sourceTree = "<group>";
		};
		C6337B1227D7ADAD00E04A54 /* RealmFlexibleSyncPlayground */ = {
			isa = PBXGroup;
			children = (
				C6337B2627D7B06F00E04A54 /* AppState.swift */,
				C6337B1527D7ADAD00E04A54 /* ContentView.swift */,
				C6337B3827D8BCCB00E04A54 /* Fns */,
				C6337B1327D7ADAD00E04A54 /* RealmFlexibleSyncPlaygroundApp.swift */,
				C6337B3727D8B86F00E04A54 /* Views */,
				C6337B1727D7ADAE00E04A54 /* Assets.xcassets */,
				C6337B1927D7ADAE00E04A54 /* Preview Content */,
			);
			path = RealmFlexibleSyncPlayground;
			sourceTree = "<group>";
		};
		C6337B1927D7ADAE00E04A54 /* Preview Content */ = {
			isa = PBXGroup;
			children = (
				C6337B1A27D7ADAE00E04A54 /* Preview Assets.xcassets */,
			);
			path = "Preview Content";
			sourceTree = "<group>";
		};
		C6337B2C27D7B51800E04A54 /* Models */ = {
			isa = PBXGroup;
			children = (
				C6337B2D27D7B52500E04A54 /* User.swift */,
				C6337B3B27D8E5A700E04A54 /* UserPost.swift */,
			);
			path = Models;
			sourceTree = "<group>";
		};
		C6337B3727D8B86F00E04A54 /* Views */ = {
			isa = PBXGroup;
			children = (
				C6337B2827D7B0DF00E04A54 /* LoginView.swift */,
				C6337B2A27D7B1C500E04A54 /* LoggedInView.swift */,
				C6337B2F27D8B6E600E04A54 /* HomeView.swift */,
				C6337B3527D8B7C300E04A54 /* ProfileView.swift */,
				C6337B3327D8B7B200E04A54 /* NetworkView.swift */,
				C6337B3127D8B7A900E04A54 /* NewsFeedView.swift */,
				C6337B2C27D7B51800E04A54 /* Models */,
			);
			path = Views;
			sourceTree = "<group>";
		};
		C6337B3827D8BCCB00E04A54 /* Fns */ = {
			isa = PBXGroup;
			children = (
				C6337B3927D8BCDD00E04A54 /* SetSubscriptions.swift */,
			);
			path = Fns;
			sourceTree = "<group>";
		};
/* End PBXGroup section */

/* Begin PBXNativeTarget section */
		C6337B0F27D7ADAD00E04A54 /* RealmFlexibleSyncPlayground */ = {
			isa = PBXNativeTarget;
			buildConfigurationList = C6337B1E27D7ADAE00E04A54 /* Build configuration list for PBXNativeTarget "RealmFlexibleSyncPlayground" */;
			buildPhases = (
				C6337B0C27D7ADAD00E04A54 /* Sources */,
				C6337B0D27D7ADAD00E04A54 /* Frameworks */,
				C6337B0E27D7ADAD00E04A54 /* Resources */,
			);
			buildRules = (
			);
			dependencies = (
			);
			name = RealmFlexibleSyncPlayground;
			packageProductDependencies = (
				C6337B2227D7B02A00E04A54 /* Realm */,
				C6337B2427D7B02A00E04A54 /* RealmSwift */,
			);
			productName = RealmFlexibleSyncPlayground;
			productReference = C6337B1027D7ADAD00E04A54 /* RealmFlexibleSyncPlayground.app */;
			productType = "com.apple.product-type.application";
		};
/* End PBXNativeTarget section */

/* Begin PBXProject section */
		C6337B0827D7ADAD00E04A54 /* Project object */ = {
			isa = PBXProject;
			attributes = {
				BuildIndependentTargetsInParallel = 1;
				LastSwiftUpdateCheck = 1320;
				LastUpgradeCheck = 1320;
				TargetAttributes = {
					C6337B0F27D7ADAD00E04A54 = {
						CreatedOnToolsVersion = 13.2.1;
					};
				};
			};
			buildConfigurationList = C6337B0B27D7ADAD00E04A54 /* Build configuration list for PBXProject "RealmFlexibleSyncPlayground" */;
			compatibilityVersion = "Xcode 13.0";
			developmentRegion = en;
			hasScannedForEncodings = 0;
			knownRegions = (
				en,
				Base,
			);
			mainGroup = C6337B0727D7ADAD00E04A54;
			packageReferences = (
				C6337B2127D7B02A00E04A54 /* XCRemoteSwiftPackageReference "realm-swift" */,
			);
			productRefGroup = C6337B1127D7ADAD00E04A54 /* Products */;
			projectDirPath = "";
			projectRoot = "";
			targets = (
				C6337B0F27D7ADAD00E04A54 /* RealmFlexibleSyncPlayground */,
			);
		};
/* End PBXProject section */

/* Begin PBXResourcesBuildPhase section */
		C6337B0E27D7ADAD00E04A54 /* Resources */ = {
			isa = PBXResourcesBuildPhase;
			buildActionMask = 2147483647;
			files = (
				C6337B1B27D7ADAE00E04A54 /* Preview Assets.xcassets in Resources */,
				C6337B1827D7ADAE00E04A54 /* Assets.xcassets in Resources */,
			);
			runOnlyForDeploymentPostprocessing = 0;
		};
/* End PBXResourcesBuildPhase section */

/* Begin PBXSourcesBuildPhase section */
		C6337B0C27D7ADAD00E04A54 /* Sources */ = {
			isa = PBXSourcesBuildPhase;
			buildActionMask = 2147483647;
			files = (
				C6337B2B27D7B1C500E04A54 /* LoggedInView.swift in Sources */,
				C6337B3227D8B7A900E04A54 /* NewsFeedView.swift in Sources */,
				C6337B3C27D8E5A700E04A54 /* UserPost.swift in Sources */,
				C6337B3627D8B7C300E04A54 /* ProfileView.swift in Sources */,
				C6337B3027D8B6E600E04A54 /* HomeView.swift in Sources */,
				C6337B3427D8B7B200E04A54 /* NetworkView.swift in Sources */,
				C6337B2727D7B06F00E04A54 /* AppState.swift in Sources */,
				C6337B2E27D7B52500E04A54 /* User.swift in Sources */,
				C6337B3A27D8BCDD00E04A54 /* SetSubscriptions.swift in Sources */,
				C6337B1627D7ADAD00E04A54 /* ContentView.swift in Sources */,
				C6337B2927D7B0DF00E04A54 /* LoginView.swift in Sources */,
				C6337B1427D7ADAD00E04A54 /* RealmFlexibleSyncPlaygroundApp.swift in Sources */,
			);
			runOnlyForDeploymentPostprocessing = 0;
		};
/* End PBXSourcesBuildPhase section */

/* Begin XCBuildConfiguration section */
		C6337B1C27D7ADAE00E04A54 /* Debug */ = {
			isa = XCBuildConfiguration;
			buildSettings = {
				ALWAYS_SEARCH_USER_PATHS = NO;
				CLANG_ANALYZER_NONNULL = YES;
				CLANG_ANALYZER_NUMBER_OBJECT_CONVERSION = YES_AGGRESSIVE;
				CLANG_CXX_LANGUAGE_STANDARD = "gnu++17";
				CLANG_CXX_LIBRARY = "libc++";
				CLANG_ENABLE_MODULES = YES;
				CLANG_ENABLE_OBJC_ARC = YES;
				CLANG_ENABLE_OBJC_WEAK = YES;
				CLANG_WARN_BLOCK_CAPTURE_AUTORELEASING = YES;
				CLANG_WARN_BOOL_CONVERSION = YES;
				CLANG_WARN_COMMA = YES;
				CLANG_WARN_CONSTANT_CONVERSION = YES;
				CLANG_WARN_DEPRECATED_OBJC_IMPLEMENTATIONS = YES;
				CLANG_WARN_DIRECT_OBJC_ISA_USAGE = YES_ERROR;
				CLANG_WARN_DOCUMENTATION_COMMENTS = YES;
				CLANG_WARN_EMPTY_BODY = YES;
				CLANG_WARN_ENUM_CONVERSION = YES;
				CLANG_WARN_INFINITE_RECURSION = YES;
				CLANG_WARN_INT_CONVERSION = YES;
				CLANG_WARN_NON_LITERAL_NULL_CONVERSION = YES;
				CLANG_WARN_OBJC_IMPLICIT_RETAIN_SELF = YES;
				CLANG_WARN_OBJC_LITERAL_CONVERSION = YES;
				CLANG_WARN_OBJC_ROOT_CLASS = YES_ERROR;
				CLANG_WARN_QUOTED_INCLUDE_IN_FRAMEWORK_HEADER = YES;
				CLANG_WARN_RANGE_LOOP_ANALYSIS = YES;
				CLANG_WARN_STRICT_PROTOTYPES = YES;
				CLANG_WARN_SUSPICIOUS_MOVE = YES;
				CLANG_WARN_UNGUARDED_AVAILABILITY = YES_AGGRESSIVE;
				CLANG_WARN_UNREACHABLE_CODE = YES;
				CLANG_WARN__DUPLICATE_METHOD_MATCH = YES;
				COPY_PHASE_STRIP = NO;
				DEBUG_INFORMATION_FORMAT = dwarf;
				ENABLE_STRICT_OBJC_MSGSEND = YES;
				ENABLE_TESTABILITY = YES;
				GCC_C_LANGUAGE_STANDARD = gnu11;
				GCC_DYNAMIC_NO_PIC = NO;
				GCC_NO_COMMON_BLOCKS = YES;
				GCC_OPTIMIZATION_LEVEL = 0;
				GCC_PREPROCESSOR_DEFINITIONS = (
					"DEBUG=1",
					"$(inherited)",
				);
				GCC_WARN_64_TO_32_BIT_CONVERSION = YES;
				GCC_WARN_ABOUT_RETURN_TYPE = YES_ERROR;
				GCC_WARN_UNDECLARED_SELECTOR = YES;
				GCC_WARN_UNINITIALIZED_AUTOS = YES_AGGRESSIVE;
				GCC_WARN_UNUSED_FUNCTION = YES;
				GCC_WARN_UNUSED_VARIABLE = YES;
				IPHONEOS_DEPLOYMENT_TARGET = 15.2;
				MTL_ENABLE_DEBUG_INFO = INCLUDE_SOURCE;
				MTL_FAST_MATH = YES;
				ONLY_ACTIVE_ARCH = YES;
				SDKROOT = iphoneos;
				SWIFT_ACTIVE_COMPILATION_CONDITIONS = DEBUG;
				SWIFT_OPTIMIZATION_LEVEL = "-Onone";
			};
			name = Debug;
		};
		C6337B1D27D7ADAE00E04A54 /* Release */ = {
			isa = XCBuildConfiguration;
			buildSettings = {
				ALWAYS_SEARCH_USER_PATHS = NO;
				CLANG_ANALYZER_NONNULL = YES;
				CLANG_ANALYZER_NUMBER_OBJECT_CONVERSION = YES_AGGRESSIVE;
				CLANG_CXX_LANGUAGE_STANDARD = "gnu++17";
				CLANG_CXX_LIBRARY = "libc++";
				CLANG_ENABLE_MODULES = YES;
				CLANG_ENABLE_OBJC_ARC = YES;
				CLANG_ENABLE_OBJC_WEAK = YES;
				CLANG_WARN_BLOCK_CAPTURE_AUTORELEASING = YES;
				CLANG_WARN_BOOL_CONVERSION = YES;
				CLANG_WARN_COMMA = YES;
				CLANG_WARN_CONSTANT_CONVERSION = YES;
				CLANG_WARN_DEPRECATED_OBJC_IMPLEMENTATIONS = YES;
				CLANG_WARN_DIRECT_OBJC_ISA_USAGE = YES_ERROR;
				CLANG_WARN_DOCUMENTATION_COMMENTS = YES;
				CLANG_WARN_EMPTY_BODY = YES;
				CLANG_WARN_ENUM_CONVERSION = YES;
				CLANG_WARN_INFINITE_RECURSION = YES;
				CLANG_WARN_INT_CONVERSION = YES;
				CLANG_WARN_NON_LITERAL_NULL_CONVERSION = YES;
				CLANG_WARN_OBJC_IMPLICIT_RETAIN_SELF = YES;
				CLANG_WARN_OBJC_LITERAL_CONVERSION = YES;
				CLANG_WARN_OBJC_ROOT_CLASS = YES_ERROR;
				CLANG_WARN_QUOTED_INCLUDE_IN_FRAMEWORK_HEADER = YES;
				CLANG_WARN_RANGE_LOOP_ANALYSIS = YES;
				CLANG_WARN_STRICT_PROTOTYPES = YES;
				CLANG_WARN_SUSPICIOUS_MOVE = YES;
				CLANG_WARN_UNGUARDED_AVAILABILITY = YES_AGGRESSIVE;
				CLANG_WARN_UNREACHABLE_CODE = YES;
				CLANG_WARN__DUPLICATE_METHOD_MATCH = YES;
				COPY_PHASE_STRIP = NO;
				DEBUG_INFORMATION_FORMAT = "dwarf-with-dsym";
				ENABLE_NS_ASSERTIONS = NO;
				ENABLE_STRICT_OBJC_MSGSEND = YES;
				GCC_C_LANGUAGE_STANDARD = gnu11;
				GCC_NO_COMMON_BLOCKS = YES;
				GCC_WARN_64_TO_32_BIT_CONVERSION = YES;
				GCC_WARN_ABOUT_RETURN_TYPE = YES_ERROR;
				GCC_WARN_UNDECLARED_SELECTOR = YES;
				GCC_WARN_UNINITIALIZED_AUTOS = YES_AGGRESSIVE;
				GCC_WARN_UNUSED_FUNCTION = YES;
				GCC_WARN_UNUSED_VARIABLE = YES;
				IPHONEOS_DEPLOYMENT_TARGET = 15.2;
				MTL_ENABLE_DEBUG_INFO = NO;
				MTL_FAST_MATH = YES;
				SDKROOT = iphoneos;
				SWIFT_COMPILATION_MODE = wholemodule;
				SWIFT_OPTIMIZATION_LEVEL = "-O";
				VALIDATE_PRODUCT = YES;
			};
			name = Release;
		};
		C6337B1F27D7ADAE00E04A54 /* Debug */ = {
			isa = XCBuildConfiguration;
			buildSettings = {
				ASSETCATALOG_COMPILER_APPICON_NAME = AppIcon;
				ASSETCATALOG_COMPILER_GLOBAL_ACCENT_COLOR_NAME = AccentColor;
				CODE_SIGN_STYLE = Automatic;
				CURRENT_PROJECT_VERSION = 1;
				DEVELOPMENT_ASSET_PATHS = "\"RealmFlexibleSyncPlayground/Preview Content\"";
				DEVELOPMENT_TEAM = 676248Z4DL;
				ENABLE_PREVIEWS = YES;
				GENERATE_INFOPLIST_FILE = YES;
				INFOPLIST_KEY_UIApplicationSceneManifest_Generation = YES;
				INFOPLIST_KEY_UIApplicationSupportsIndirectInputEvents = YES;
				INFOPLIST_KEY_UILaunchScreen_Generation = YES;
				INFOPLIST_KEY_UISupportedInterfaceOrientations_iPad = "UIInterfaceOrientationPortrait UIInterfaceOrientationPortraitUpsideDown UIInterfaceOrientationLandscapeLeft UIInterfaceOrientationLandscapeRight";
				INFOPLIST_KEY_UISupportedInterfaceOrientations_iPhone = "UIInterfaceOrientationPortrait UIInterfaceOrientationLandscapeLeft UIInterfaceOrientationLandscapeRight";
				LD_RUNPATH_SEARCH_PATHS = (
					"$(inherited)",
					"@executable_path/Frameworks",
				);
				MARKETING_VERSION = 1.0;
				PRODUCT_BUNDLE_IDENTIFIER = julius.RealmFlexibleSyncPlayground;
				PRODUCT_NAME = "$(TARGET_NAME)";
				SWIFT_EMIT_LOC_STRINGS = YES;
				SWIFT_VERSION = 5.0;
				TARGETED_DEVICE_FAMILY = "1,2";
			};
			name = Debug;
		};
		C6337B2027D7ADAE00E04A54 /* Release */ = {
			isa = XCBuildConfiguration;
			buildSettings = {
				ASSETCATALOG_COMPILER_APPICON_NAME = AppIcon;
				ASSETCATALOG_COMPILER_GLOBAL_ACCENT_COLOR_NAME = AccentColor;
				CODE_SIGN_STYLE = Automatic;
				CURRENT_PROJECT_VERSION = 1;
				DEVELOPMENT_ASSET_PATHS = "\"RealmFlexibleSyncPlayground/Preview Content\"";
				DEVELOPMENT_TEAM = 676248Z4DL;
				ENABLE_PREVIEWS = YES;
				GENERATE_INFOPLIST_FILE = YES;
				INFOPLIST_KEY_UIApplicationSceneManifest_Generation = YES;
				INFOPLIST_KEY_UIApplicationSupportsIndirectInputEvents = YES;
				INFOPLIST_KEY_UILaunchScreen_Generation = YES;
				INFOPLIST_KEY_UISupportedInterfaceOrientations_iPad = "UIInterfaceOrientationPortrait UIInterfaceOrientationPortraitUpsideDown UIInterfaceOrientationLandscapeLeft UIInterfaceOrientationLandscapeRight";
				INFOPLIST_KEY_UISupportedInterfaceOrientations_iPhone = "UIInterfaceOrientationPortrait UIInterfaceOrientationLandscapeLeft UIInterfaceOrientationLandscapeRight";
				LD_RUNPATH_SEARCH_PATHS = (
					"$(inherited)",
					"@executable_path/Frameworks",
				);
				MARKETING_VERSION = 1.0;
				PRODUCT_BUNDLE_IDENTIFIER = julius.RealmFlexibleSyncPlayground;
				PRODUCT_NAME = "$(TARGET_NAME)";
				SWIFT_EMIT_LOC_STRINGS = YES;
				SWIFT_VERSION = 5.0;
				TARGETED_DEVICE_FAMILY = "1,2";
			};
			name = Release;
		};
/* End XCBuildConfiguration section */

/* Begin XCConfigurationList section */
		C6337B0B27D7ADAD00E04A54 /* Build configuration list for PBXProject "RealmFlexibleSyncPlayground" */ = {
			isa = XCConfigurationList;
			buildConfigurations = (
				C6337B1C27D7ADAE00E04A54 /* Debug */,
				C6337B1D27D7ADAE00E04A54 /* Release */,
			);
			defaultConfigurationIsVisible = 0;
			defaultConfigurationName = Release;
		};
		C6337B1E27D7ADAE00E04A54 /* Build configuration list for PBXNativeTarget "RealmFlexibleSyncPlayground" */ = {
			isa = XCConfigurationList;
			buildConfigurations = (
				C6337B1F27D7ADAE00E04A54 /* Debug */,
				C6337B2027D7ADAE00E04A54 /* Release */,
			);
			defaultConfigurationIsVisible = 0;
			defaultConfigurationName = Release;
		};
/* End XCConfigurationList section */

/* Begin XCRemoteSwiftPackageReference section */
		C6337B2127D7B02A00E04A54 /* XCRemoteSwiftPackageReference "realm-swift" */ = {
			isa = XCRemoteSwiftPackageReference;
			repositoryURL = "https://github.com/realm/realm-swift.git";
			requirement = {
				branch = master;
				kind = branch;
			};
		};
/* End XCRemoteSwiftPackageReference section */

/* Begin XCSwiftPackageProductDependency section */
		C6337B2227D7B02A00E04A54 /* Realm */ = {
			isa = XCSwiftPackageProductDependency;
			package = C6337B2127D7B02A00E04A54 /* XCRemoteSwiftPackageReference "realm-swift" */;
			productName = Realm;
		};
		C6337B2427D7B02A00E04A54 /* RealmSwift */ = {
			isa = XCSwiftPackageProductDependency;
			package = C6337B2127D7B02A00E04A54 /* XCRemoteSwiftPackageReference "realm-swift" */;
			productName = RealmSwift;
		};
/* End XCSwiftPackageProductDependency section */
	};
	rootObject = C6337B0827D7ADAD00E04A54 /* Project object */;
}
